
Microsoft Visual Studio Solution File, Format Version 12.00
# Visual Studio Version 17
VisualStudioVersion = 17.9.34728.123
MinimumVisualStudioVersion = 10.0.40219.1
Project("{9A19103F-16F7-4668-BE54-9A1E7A4F7556}") = "BusesServer", "BusesServer\BusesServer.csproj", "{8C8D3F42-F8D2-4E74-AADB-024E2334FE9D}"
EndProject
Project("{9A19103F-16F7-4668-BE54-9A1E7A4F7556}") = "BusesServer.UnitTests", "BusesServer.Tests\BusesServer.UnitTests.csproj", "{A80513B7-CDD4-4D91-91A0-F145335DB28B}"
EndProject
Project("{FAE04EC0-301F-11D3-BF4B-00C04F79EFBC}") = "BusesServer.IntegrationTests", "BusesServer.IntegrationTests\BusesServer.IntegrationTests.csproj", "{1526AED9-CC53-4EF2-B097-D0A45BFB952B}"
EndProject
Global
	GlobalSection(SolutionConfigurationPlatforms) = preSolution
		Debug|Any CPU = Debug|Any CPU
		Release|Any CPU = Release|Any CPU
	EndGlobalSection
	GlobalSection(ProjectConfigurationPlatforms) = postSolution
		{8C8D3F42-F8D2-4E74-AADB-024E2334FE9D}.Debug|Any CPU.ActiveCfg = Debug|Any CPU
		{8C8D3F42-F8D2-4E74-AADB-024E2334FE9D}.Debug|Any CPU.Build.0 = Debug|Any CPU
		{8C8D3F42-F8D2-4E74-AADB-024E2334FE9D}.Release|Any CPU.ActiveCfg = Release|Any CPU
		{8C8D3F42-F8D2-4E74-AADB-024E2334FE9D}.Release|Any CPU.Build.0 = Release|Any CPU
		{A80513B7-CDD4-4D91-91A0-F145335DB28B}.Debug|Any CPU.ActiveCfg = Debug|Any CPU
		{A80513B7-CDD4-4D91-91A0-F145335DB28B}.Debug|Any CPU.Build.0 = Debug|Any CPU
		{A80513B7-CDD4-4D91-91A0-F145335DB28B}.Release|Any CPU.ActiveCfg = Release|Any CPU
		{A80513B7-CDD4-4D91-91A0-F145335DB28B}.Release|Any CPU.Build.0 = Release|Any CPU
		{1526AED9-CC53-4EF2-B097-D0A45BFB952B}.Debug|Any CPU.ActiveCfg = Debug|Any CPU
		{1526AED9-CC53-4EF2-B097-D0A45BFB952B}.Debug|Any CPU.Build.0 = Debug|Any CPU
		{1526AED9-CC53-4EF2-B097-D0A45BFB952B}.Release|Any CPU.ActiveCfg = Release|Any CPU
		{1526AED9-CC53-4EF2-B097-D0A45BFB952B}.Release|Any CPU.Build.0 = Release|Any CPU
	EndGlobalSection
	GlobalSection(SolutionProperties) = preSolution
		HideSolutionNode = FALSE
	EndGlobalSection
	GlobalSection(ExtensibilityGlobals) = postSolution
		SolutionGuid = {67CDCF24-2CE3-4DD5-AE0F-3EBF527B3CE0}
	EndGlobalSection
EndGlobal
